
Microsoft Visual Studio Solution File, Format Version 12.00
# Visual Studio Version 16
VisualStudioVersion = 16.0.31702.278
MinimumVisualStudioVersion = 10.0.40219.1
Project("{FAE04EC0-301F-11D3-BF4B-00C04F79EFBC}") = "StringPermutation", "StringPermutation\StringPermutation.csproj", "{585B9F6F-5581-46A9-BECE-58C172BEB6DA}"
EndProject
Global
	GlobalSection(SolutionConfigurationPlatforms) = preSolution
		Debug|Any CPU = Debug|Any CPU
		Release|Any CPU = Release|Any CPU
	EndGlobalSection
	GlobalSection(ProjectConfigurationPlatforms) = postSolution
		{585B9F6F-5581-46A9-BECE-58C172BEB6DA}.Debug|Any CPU.ActiveCfg = Debug|Any CPU
		{585B9F6F-5581-46A9-BECE-58C172BEB6DA}.Debug|Any CPU.Build.0 = Debug|Any CPU
		{585B9F6F-5581-46A9-BECE-58C172BEB6DA}.Release|Any CPU.ActiveCfg = Release|Any CPU
		{585B9F6F-5581-46A9-BECE-58C172BEB6DA}.Release|Any CPU.Build.0 = Release|Any CPU
	EndGlobalSection
	GlobalSection(SolutionProperties) = preSolution
		HideSolutionNode = FALSE
	EndGlobalSection
	GlobalSection(ExtensibilityGlobals) = postSolution
		SolutionGuid = {0B76F5D4-C4A2-4590-A1D4-9C1D510EF947}
	EndGlobalSection
EndGlobal
