
Microsoft Visual Studio Solution File, Format Version 12.00
# Visual Studio Version 16
VisualStudioVersion = 16.0.31702.278
MinimumVisualStudioVersion = 10.0.40219.1
Project("{FAE04EC0-301F-11D3-BF4B-00C04F79EFBC}") = "GuessNumber", "GuessNumber\GuessNumber.csproj", "{C218D466-CCF6-4CA9-BEC4-1DAE8101491E}"
EndProject
Global
	GlobalSection(SolutionConfigurationPlatforms) = preSolution
		Debug|Any CPU = Debug|Any CPU
		Release|Any CPU = Release|Any CPU
	EndGlobalSection
	GlobalSection(ProjectConfigurationPlatforms) = postSolution
		{C218D466-CCF6-4CA9-BEC4-1DAE8101491E}.Debug|Any CPU.ActiveCfg = Debug|Any CPU
		{C218D466-CCF6-4CA9-BEC4-1DAE8101491E}.Debug|Any CPU.Build.0 = Debug|Any CPU
		{C218D466-CCF6-4CA9-BEC4-1DAE8101491E}.Release|Any CPU.ActiveCfg = Release|Any CPU
		{C218D466-CCF6-4CA9-BEC4-1DAE8101491E}.Release|Any CPU.Build.0 = Release|Any CPU
	EndGlobalSection
	GlobalSection(SolutionProperties) = preSolution
		HideSolutionNode = FALSE
	EndGlobalSection
	GlobalSection(ExtensibilityGlobals) = postSolution
		SolutionGuid = {2CF93755-F8B7-41CE-BE38-5CDF72AB6E72}
	EndGlobalSection
EndGlobal
