
Microsoft Visual Studio Solution File, Format Version 12.00
# Visual Studio Version 16
VisualStudioVersion = 16.0.31702.278
MinimumVisualStudioVersion = 10.0.40219.1
Project("{FAE04EC0-301F-11D3-BF4B-00C04F79EFBC}") = "BinarySearchGenerics", "BinarySearchGenerics\BinarySearchGenerics.csproj", "{787B22DB-7A7E-4EC3-A9CC-6179DBAF913D}"
EndProject
Global
	GlobalSection(SolutionConfigurationPlatforms) = preSolution
		Debug|Any CPU = Debug|Any CPU
		Release|Any CPU = Release|Any CPU
	EndGlobalSection
	GlobalSection(ProjectConfigurationPlatforms) = postSolution
		{787B22DB-7A7E-4EC3-A9CC-6179DBAF913D}.Debug|Any CPU.ActiveCfg = Debug|Any CPU
		{787B22DB-7A7E-4EC3-A9CC-6179DBAF913D}.Debug|Any CPU.Build.0 = Debug|Any CPU
		{787B22DB-7A7E-4EC3-A9CC-6179DBAF913D}.Release|Any CPU.ActiveCfg = Release|Any CPU
		{787B22DB-7A7E-4EC3-A9CC-6179DBAF913D}.Release|Any CPU.Build.0 = Release|Any CPU
	EndGlobalSection
	GlobalSection(SolutionProperties) = preSolution
		HideSolutionNode = FALSE
	EndGlobalSection
	GlobalSection(ExtensibilityGlobals) = postSolution
		SolutionGuid = {66A2BA9A-D1BD-44F4-B5A2-B1502A7D39B0}
	EndGlobalSection
EndGlobal
