
Microsoft Visual Studio Solution File, Format Version 12.00
# Visual Studio Version 16
VisualStudioVersion = 16.0.31702.278
MinimumVisualStudioVersion = 10.0.40219.1
Project("{FAE04EC0-301F-11D3-BF4B-00C04F79EFBC}") = "BinarySearch", "BinarySearch\BinarySearch.csproj", "{73D0BF96-3715-437C-A5E5-6A43F1ABACF7}"
EndProject
Global
	GlobalSection(SolutionConfigurationPlatforms) = preSolution
		Debug|Any CPU = Debug|Any CPU
		Release|Any CPU = Release|Any CPU
	EndGlobalSection
	GlobalSection(ProjectConfigurationPlatforms) = postSolution
		{73D0BF96-3715-437C-A5E5-6A43F1ABACF7}.Debug|Any CPU.ActiveCfg = Debug|Any CPU
		{73D0BF96-3715-437C-A5E5-6A43F1ABACF7}.Debug|Any CPU.Build.0 = Debug|Any CPU
		{73D0BF96-3715-437C-A5E5-6A43F1ABACF7}.Release|Any CPU.ActiveCfg = Release|Any CPU
		{73D0BF96-3715-437C-A5E5-6A43F1ABACF7}.Release|Any CPU.Build.0 = Release|Any CPU
	EndGlobalSection
	GlobalSection(SolutionProperties) = preSolution
		HideSolutionNode = FALSE
	EndGlobalSection
	GlobalSection(ExtensibilityGlobals) = postSolution
		SolutionGuid = {94E20AD6-9D71-4671-B65A-20A73E7564AB}
	EndGlobalSection
EndGlobal
